PODS:
  - Amplify (1.6.0):
    - Amplify/Default (= 1.6.0)
  - Amplify/Default (1.6.0)
  - amplify_core (0.0.1):
    - Flutter
  - amplify_datastore (0.0.1):
    - Amplify
    - amplify_core
    - AmplifyPlugins/AWSDataStorePlugin
    - Flutter
  - amplify_flutter (0.0.1):
    - Amplify
    - amplify_core
    - AmplifyPlugins/AWSCognitoAuthPlugin
    - AWSPluginsCore
    - Flutter
  - AmplifyPlugins/AWSCognitoAuthPlugin (1.6.0):
    - AWSAuthCore (~> 2.22.0)
    - AWSCognitoIdentityProvider (~> 2.22.0)
    - AWSCognitoIdentityProviderASF (~> 2.22.0)
    - AWSCore (~> 2.22.0)
    - AWSMobileClient (~> 2.22.0)
    - AWSPluginsCore (= 1.6.0)
  - AmplifyPlugins/AWSDataStorePlugin (1.6.0):
    - AWSCore (~> 2.22.0)
    - AWSPluginsCore (= 1.6.0)
    - SQLite.swift (~> 0.12.0)
  - AWSAuthCore (2.22.3):
    - AWSCore (= 2.22.3)
  - AWSCognitoIdentityProvider (2.22.3):
    - AWSCognitoIdentityProviderASF (= 2.22.3)
    - AWSCore (= 2.22.3)
  - AWSCognitoIdentityProviderASF (2.22.3)
  - AWSCore (2.22.3)
  - AWSMobileClient (2.22.3):
    - AWSAuthCore (= 2.22.3)
    - AWSCognitoIdentityProvider (= 2.22.3)
    - AWSCognitoIdentityProviderASF (= 2.22.3)
    - AWSCore (= 2.22.3)
  - AWSPluginsCore (1.6.0):
    - Amplify (= 1.6.0)
    - AWSCore (~> 2.22.0)
  - Flutter (1.0.0)
  - SQLite.swift (0.12.2):
    - SQLite.swift/standard (= 0.12.2)
  - SQLite.swift/standard (0.12.2)

DEPENDENCIES:
  - amplify_core (from `.symlinks/plugins/amplify_core/ios`)
  - amplify_datastore (from `.symlinks/plugins/amplify_datastore/ios`)
  - amplify_flutter (from `.symlinks/plugins/amplify_flutter/ios`)
  - Flutter (from `Flutter`)

SPEC REPOS:
  trunk:
    - Amplify
    - AmplifyPlugins
    - AWSAuthCore
    - AWSCognitoIdentityProvider
    - AWSCognitoIdentityProviderASF
    - AWSCore
    - AWSMobileClient
    - AWSPluginsCore
    - SQLite.swift

EXTERNAL SOURCES:
  amplify_core:
    :path: ".symlinks/plugins/amplify_core/ios"
  amplify_datastore:
    :path: ".symlinks/plugins/amplify_datastore/ios"
  amplify_flutter:
    :path: ".symlinks/plugins/amplify_flutter/ios"
  Flutter:
    :path: Flutter

SPEC CHECKSUMS:
  Amplify: fe8cbe6fcd0e6468f537bd49e6c3d15437442576
  amplify_core: 8b38d20089fe4f225c14db6892f586bd03824a42
  amplify_datastore: e73979905bbee5c192e59f6afcd4e0692c3132bf
  amplify_flutter: d64b45e3a016e491bbb2e110fee57e150daf2164
  AmplifyPlugins: 85fa4fa7d0eb78a4f4f44dcf107993a8c13fdf2a
  AWSAuthCore: 5a2e6c939281a56c30f68896bc68ee44044400bc
  AWSCognitoIdentityProvider: 5aefe4cbfdecc2f9335fb0e2236d334b2d438d59
  AWSCognitoIdentityProviderASF: 455fb74bf1b0b5aeab9800495f2060f391f2e38e
  AWSCore: c86b71ff60747c4058769af64ed871ebfae16ddb
  AWSMobileClient: 6f63dd57d3df2ebcac1be074144f029e0db90536
  AWSPluginsCore: d21990b54729e2a95620922ea83e123adaa678cd
  Flutter: 0e3d915762c693b495b44d77113d4970485de6ec
  SQLite.swift: d2b4642190917051ce6bd1d49aab565fe794eea3

PODFILE CHECKSUM: cc1f88378b4bfcf93a6ce00d2c587857c6008d3b

COCOAPODS: 1.10.1
